{
  "lockfile_version": "1",
  "packages": {
    "github:NixOS/nixpkgs/nixpkgs-unstable": {
      "last_modified": "2025-09-05T01:14:44Z",
      "resolved": "github:NixOS/nixpkgs/ca77296380960cd497a765102eeb1356eb80fed0?lastModified=1757034884&narHash=sha256-PgLSZDBEWUHpfTRfFyklmiiLBE1i1aGCtz4eRA3POao%3D"
    },
    "netlify-cli@latest": {
      "last_modified": "2025-04-02T13:00:31Z",
      "resolved": "github:NixOS/nixpkgs/384d1adab77a8d49172a3acc1d5c2f26d013a69a#netlify-cli",
      "source": "devbox-search",
      "version": "19.0.2",
      "systems": {
        "aarch64-darwin": {
          "outputs": [
            {
              "name": "out",
              "path": "/nix/store/hwbi16pcj4pw3bslcla5416l427mbiqm-netlify-cli-19.0.2",
              "default": true
            }
          ],
          "store_path": "/nix/store/hwbi16pcj4pw3bslcla5416l427mbiqm-netlify-cli-19.0.2"
        },
        "aarch64-linux": {
          "outputs": [
            {
              "name": "out",
              "path": "/nix/store/mdi1mc2y1d17w434pi1vzmr5gaqnra3h-netlify-cli-19.0.2",
              "default": true
            }
          ],
          "store_path": "/nix/store/mdi1mc2y1d17w434pi1vzmr5gaqnra3h-netlify-cli-19.0.2"
        },
        "x86_64-darwin": {
          "outputs": [
            {
              "name": "out",
              "path": "/nix/store/xiapw5b6lzxx75vlb2rkayzxgw0xp953-netlify-cli-19.0.2",
              "default": true
            }
          ],
          "store_path": "/nix/store/xiapw5b6lzxx75vlb2rkayzxgw0xp953-netlify-cli-19.0.2"
        },
        "x86_64-linux": {
          "outputs": [
            {
              "name": "out",
              "path": "/nix/store/dzm6yf0dravc17qzfr11rw0hbgxkk4sb-netlify-cli-19.0.2",
              "default": true
            }
          ],
          "store_path": "/nix/store/dzm6yf0dravc17qzfr11rw0hbgxkk4sb-netlify-cli-19.0.2"
        }
      }
    },
    "nodejs@22.4.1": {
      "last_modified": "2024-07-31T08:48:38Z",
      "plugin_version": "0.0.2",
      "resolved": "github:NixOS/nixpkgs/c3392ad349a5227f4a3464dce87bcc5046692fce#nodejs_22",
      "source": "devbox-search",
      "version": "22.4.1",
      "systems": {
        "aarch64-darwin": {
          "outputs": [
            {
              "name": "out",
              "path": "/nix/store/z5whjsr6cnqw0ycnylwxmibfr7cdwxrb-nodejs-22.4.1",
              "default": true
            },
            {
              "name": "libv8",
              "path": "/nix/store/vzhng0wwbm0r1p9rdq1kspm0j5b9x0va-nodejs-22.4.1-libv8"
            }
          ],
          "store_path": "/nix/store/z5whjsr6cnqw0ycnylwxmibfr7cdwxrb-nodejs-22.4.1"
        },
        "aarch64-linux": {
          "outputs": [
            {
              "name": "out",
              "path": "/nix/store/2c0qimdjslxal42s4m10zj95f9r11l4l-nodejs-22.4.1",
              "default": true
            },
            {
              "name": "libv8",
              "path": "/nix/store/aq9wvafy8svx7fgkm2w0yig3aqmkbqc8-nodejs-22.4.1-libv8"
            }
          ],
          "store_path": "/nix/store/2c0qimdjslxal42s4m10zj95f9r11l4l-nodejs-22.4.1"
        },
        "x86_64-darwin": {
          "outputs": [
            {
              "name": "out",
              "path": "/nix/store/5l6flz4fpax64nzivg2r815pvllj2dml-nodejs-22.4.1",
              "default": true
            },
            {
              "name": "libv8",
              "path": "/nix/store/5wwl7dh3xmnrah4f98713i93m43d02a5-nodejs-22.4.1-libv8"
            }
          ],
          "store_path": "/nix/store/5l6flz4fpax64nzivg2r815pvllj2dml-nodejs-22.4.1"
        },
        "x86_64-linux": {
          "outputs": [
            {
              "name": "out",
              "path": "/nix/store/w8rva81863ls2ic3qc72mdzpzm0skyrm-nodejs-22.4.1",
              "default": true
            },
            {
              "name": "libv8",
              "path": "/nix/store/93cvy69p4g2mrbjjkj5dxh8zin047nl5-nodejs-22.4.1-libv8"
            }
          ],
          "store_path": "/nix/store/w8rva81863ls2ic3qc72mdzpzm0skyrm-nodejs-22.4.1"
        }
      }
    },
    "vite@latest": {
      "last_modified": "2025-03-11T17:52:14Z",
      "resolved": "github:NixOS/nixpkgs/0d534853a55b5d02a4ababa1d71921ce8f0aee4c#vite",
      "source": "devbox-search",
      "version": "2022-05-17",
      "systems": {
        "aarch64-linux": {
          "outputs": [
            {
              "name": "out",
              "path": "/nix/store/8d03af1dxjxjhpqii5jv2s9a59yr8897-vite-unstable-2022-05-17",
              "default": true
            }
          ],
          "store_path": "/nix/store/8d03af1dxjxjhpqii5jv2s9a59yr8897-vite-unstable-2022-05-17"
        },
        "x86_64-linux": {
          "outputs": [
            {
              "name": "out",
              "path": "/nix/store/myzwf8vkn3b82q7aqyak2k60jjcv6qyl-vite-unstable-2022-05-17",
              "default": true
            }
          ],
          "store_path": "/nix/store/myzwf8vkn3b82q7aqyak2k60jjcv6qyl-vite-unstable-2022-05-17"
        }
      }
    }
  }
}
