{
  "lockfile_version": "1",
  "packages": {
    "github:NixOS/nixpkgs/nixpkgs-unstable": {
      "last_modified": "2025-11-20T06:07:48Z",
      "resolved": "github:NixOS/nixpkgs/a8d610af3f1a5fb71e23e08434d8d61a466fc942?lastModified=1763618868&narHash=sha256-v5afmLjn%2FuyD9EQuPBn7nZuaZVV9r%2BJerayK%2F4wvdWA%3D"
    },
    "netlify-cli@latest": {
      "last_modified": "2025-11-15T07:28:48Z",
      "resolved": "github:NixOS/nixpkgs/1d4c88323ac36805d09657d13a5273aea1b34f0c#netlify-cli",
      "source": "devbox-search",
      "version": "23.9.2",
      "systems": {
        "aarch64-darwin": {
          "outputs": [
            {
              "name": "out",
              "path": "/nix/store/n5w59djn1ghzs4pqf08x4388g4xv876m-netlify-cli-23.9.2",
              "default": true
            }
          ],
          "store_path": "/nix/store/n5w59djn1ghzs4pqf08x4388g4xv876m-netlify-cli-23.9.2"
        },
        "aarch64-linux": {
          "outputs": [
            {
              "name": "out",
              "path": "/nix/store/67lsksygmsgkqzwmijwiyq41l6hjbmgd-netlify-cli-23.9.2",
              "default": true
            }
          ],
          "store_path": "/nix/store/67lsksygmsgkqzwmijwiyq41l6hjbmgd-netlify-cli-23.9.2"
        },
        "x86_64-darwin": {
          "outputs": [
            {
              "name": "out",
              "path": "/nix/store/vj2l20hhjy99kdgk97mqkb3pxpmdkyhx-netlify-cli-23.9.2",
              "default": true
            }
          ],
          "store_path": "/nix/store/vj2l20hhjy99kdgk97mqkb3pxpmdkyhx-netlify-cli-23.9.2"
        },
        "x86_64-linux": {
          "outputs": [
            {
              "name": "out",
              "path": "/nix/store/vs4pps1zsmq9wqpryv4ixhcnjh9zsx37-netlify-cli-23.9.2",
              "default": true
            }
          ],
          "store_path": "/nix/store/vs4pps1zsmq9wqpryv4ixhcnjh9zsx37-netlify-cli-23.9.2"
        }
      }
    },
    "nodejs@22.4.1": {
      "last_modified": "2024-07-31T08:48:38Z",
      "plugin_version": "0.0.2",
      "resolved": "github:NixOS/nixpkgs/c3392ad349a5227f4a3464dce87bcc5046692fce#nodejs_22",
      "source": "devbox-search",
      "version": "22.4.1",
      "systems": {
        "aarch64-darwin": {
          "outputs": [
            {
              "name": "out",
              "path": "/nix/store/z5whjsr6cnqw0ycnylwxmibfr7cdwxrb-nodejs-22.4.1",
              "default": true
            },
            {
              "name": "libv8",
              "path": "/nix/store/vzhng0wwbm0r1p9rdq1kspm0j5b9x0va-nodejs-22.4.1-libv8"
            }
          ],
          "store_path": "/nix/store/z5whjsr6cnqw0ycnylwxmibfr7cdwxrb-nodejs-22.4.1"
        },
        "aarch64-linux": {
          "outputs": [
            {
              "name": "out",
              "path": "/nix/store/2c0qimdjslxal42s4m10zj95f9r11l4l-nodejs-22.4.1",
              "default": true
            },
            {
              "name": "libv8",
              "path": "/nix/store/aq9wvafy8svx7fgkm2w0yig3aqmkbqc8-nodejs-22.4.1-libv8"
            }
          ],
          "store_path": "/nix/store/2c0qimdjslxal42s4m10zj95f9r11l4l-nodejs-22.4.1"
        },
        "x86_64-darwin": {
          "outputs": [
            {
              "name": "out",
              "path": "/nix/store/5l6flz4fpax64nzivg2r815pvllj2dml-nodejs-22.4.1",
              "default": true
            },
            {
              "name": "libv8",
              "path": "/nix/store/5wwl7dh3xmnrah4f98713i93m43d02a5-nodejs-22.4.1-libv8"
            }
          ],
          "store_path": "/nix/store/5l6flz4fpax64nzivg2r815pvllj2dml-nodejs-22.4.1"
        },
        "x86_64-linux": {
          "outputs": [
            {
              "name": "out",
              "path": "/nix/store/w8rva81863ls2ic3qc72mdzpzm0skyrm-nodejs-22.4.1",
              "default": true
            },
            {
              "name": "libv8",
              "path": "/nix/store/93cvy69p4g2mrbjjkj5dxh8zin047nl5-nodejs-22.4.1-libv8"
            }
          ],
          "store_path": "/nix/store/w8rva81863ls2ic3qc72mdzpzm0skyrm-nodejs-22.4.1"
        }
      }
    },
    "vite@latest": {
      "last_modified": "2025-11-15T07:28:48Z",
      "resolved": "github:NixOS/nixpkgs/1d4c88323ac36805d09657d13a5273aea1b34f0c#vite",
      "source": "devbox-search",
      "version": "1.4",
      "systems": {
        "aarch64-linux": {
          "outputs": [
            {
              "name": "out",
              "path": "/nix/store/swzx2li87241h26dignq48z1ypqcxirr-vite-1.4",
              "default": true
            }
          ],
          "store_path": "/nix/store/swzx2li87241h26dignq48z1ypqcxirr-vite-1.4"
        },
        "x86_64-linux": {
          "outputs": [
            {
              "name": "out",
              "path": "/nix/store/1527mny19zjmcx96xkq51mz5cyd3970b-vite-1.4",
              "default": true
            }
          ],
          "store_path": "/nix/store/1527mny19zjmcx96xkq51mz5cyd3970b-vite-1.4"
        }
      }
    }
  }
}
